
Microsoft Visual Studio Solution File, Format Version 12.00
# Visual Studio 15
Project("{FAE04EC0-301F-11D3-BF4B-00C04F79EFBC}") = "UnityEngine.TestRunner", "UnityEngine.TestRunner.csproj", "{D2892F36-496A-14A3-FED1-B530FCC65ACA}"
EndProject
Project("{FAE04EC0-301F-11D3-BF4B-00C04F79EFBC}") = "Unity.Postprocessing.Runtime", "Unity.Postprocessing.Runtime.csproj", "{DA6A0CFA-06F9-3978-759C-B36B2D737B1C}"
EndProject
Project("{FAE04EC0-301F-11D3-BF4B-00C04F79EFBC}") = "Mirror.Transports", "Mirror.Transports.csproj", "{07047040-C8CD-17FA-953D-C2D39BF22CF1}"
EndProject
Project("{FAE04EC0-301F-11D3-BF4B-00C04F79EFBC}") = "SimpleWebTransport", "SimpleWebTransport.csproj", "{8D8A86C5-6C25-6CA0-B6AB-A8B8C11494B0}"
EndProject
Project("{FAE04EC0-301F-11D3-BF4B-00C04F79EFBC}") = "Unity.TextMeshPro", "Unity.TextMeshPro.csproj", "{B7F912C3-049E-2622-F529-02514A339A74}"
EndProject
Project("{FAE04EC0-301F-11D3-BF4B-00C04F79EFBC}") = "Assembly-CSharp", "Assembly-CSharp.csproj", "{A380D525-204A-CFE6-0071-54DDC01508F2}"
EndProject
Project("{FAE04EC0-301F-11D3-BF4B-00C04F79EFBC}") = "Unity.Timeline", "Unity.Timeline.csproj", "{666D65D8-7CBB-E336-9B15-D38A560B15CD}"
EndProject
Project("{FAE04EC0-301F-11D3-BF4B-00C04F79EFBC}") = "Telepathy", "Telepathy.csproj", "{7086DD7F-B986-60B1-1799-85206E2222A3}"
EndProject
Project("{FAE04EC0-301F-11D3-BF4B-00C04F79EFBC}") = "Mirror.Components", "Mirror.Components.csproj", "{6162ECF0-9766-E3BD-8271-79BF32E7D11D}"
EndProject
Project("{FAE04EC0-301F-11D3-BF4B-00C04F79EFBC}") = "Mirror", "Mirror.csproj", "{FEE50EDC-1D09-6C72-032D-A4155FF1E1AC}"
EndProject
Project("{FAE04EC0-301F-11D3-BF4B-00C04F79EFBC}") = "kcp2k", "kcp2k.csproj", "{BA0858D1-CFA2-32B5-D1F1-31FCAB0C9470}"
EndProject
Project("{FAE04EC0-301F-11D3-BF4B-00C04F79EFBC}") = "Mirror.Authenticators", "Mirror.Authenticators.csproj", "{46DF5BF0-541F-5843-109F-A4F36EED99BD}"
EndProject
Project("{FAE04EC0-301F-11D3-BF4B-00C04F79EFBC}") = "UnityEditor.TestRunner", "UnityEditor.TestRunner.csproj", "{A83367B9-83E4-B16A-849D-05D491986636}"
EndProject
Project("{FAE04EC0-301F-11D3-BF4B-00C04F79EFBC}") = "Unity.VisualStudio.Editor", "Unity.VisualStudio.Editor.csproj", "{00B11A77-FFF2-3055-AB1E-18744F00E443}"
EndProject
Project("{FAE04EC0-301F-11D3-BF4B-00C04F79EFBC}") = "Unity.TextMeshPro.Editor", "Unity.TextMeshPro.Editor.csproj", "{B9B9762A-898B-CFF0-E8FF-45F815E2353B}"
EndProject
Project("{FAE04EC0-301F-11D3-BF4B-00C04F79EFBC}") = "Unity.Timeline.Editor", "Unity.Timeline.Editor.csproj", "{5CFF4D21-26C3-1F69-ADCF-A07F7FD5E8BA}"
EndProject
Project("{FAE04EC0-301F-11D3-BF4B-00C04F79EFBC}") = "Unity.PlasticSCM.Editor", "Unity.PlasticSCM.Editor.csproj", "{A2A5981E-2B40-6319-4835-40CFA8AA6038}"
EndProject
Project("{FAE04EC0-301F-11D3-BF4B-00C04F79EFBC}") = "Unity.Mirror.CodeGen", "Unity.Mirror.CodeGen.csproj", "{431A98B2-5041-514A-BF08-3193D88467F3}"
EndProject
Project("{FAE04EC0-301F-11D3-BF4B-00C04F79EFBC}") = "Mirror.Hosting", "Mirror.Hosting.csproj", "{C4F85565-33F7-24F6-468E-1DEA34E68A1A}"
EndProject
Project("{FAE04EC0-301F-11D3-BF4B-00C04F79EFBC}") = "Unity.Rider.Editor", "Unity.Rider.Editor.csproj", "{E889275E-DA38-E499-4305-2FF87D25CBED}"
EndProject
Project("{FAE04EC0-301F-11D3-BF4B-00C04F79EFBC}") = "Unity.Postprocessing.Editor", "Unity.Postprocessing.Editor.csproj", "{E077C15B-C182-7521-30DE-7D93F0B85247}"
EndProject
Project("{FAE04EC0-301F-11D3-BF4B-00C04F79EFBC}") = "Mirror.Editor", "Mirror.Editor.csproj", "{9CFCAB52-FA51-2893-8F2A-2D0F2835019F}"
EndProject
Project("{FAE04EC0-301F-11D3-BF4B-00C04F79EFBC}") = "Unity.VSCode.Editor", "Unity.VSCode.Editor.csproj", "{F853845C-1E5F-6E02-E69B-A6C236D809E2}"
EndProject
Project("{FAE04EC0-301F-11D3-BF4B-00C04F79EFBC}") = "EncryptionTransportEditor", "EncryptionTransportEditor.csproj", "{735FF1B5-C91B-C1C4-4B78-180D18263A94}"
EndProject
Project("{FAE04EC0-301F-11D3-BF4B-00C04F79EFBC}") = "Unity.CollabProxy.Editor", "Unity.CollabProxy.Editor.csproj", "{AB10C5FC-1E29-0434-1B8F-E92E3807F97F}"
EndProject
Project("{FAE04EC0-301F-11D3-BF4B-00C04F79EFBC}") = "Mirror.CompilerSymbols", "Mirror.CompilerSymbols.csproj", "{84D15B0B-B27E-C4A8-3E35-FAEC6C9B3162}"
EndProject
Global
	GlobalSection(SolutionConfigurationPlatforms) = preSolution
		Debug|Any CPU = Debug|Any CPU
		Release|Any CPU = Release|Any CPU
	EndGlobalSection
	GlobalSection(ProjectConfigurationPlatforms) = postSolution
		{D2892F36-496A-14A3-FED1-B530FCC65ACA}.Debug|Any CPU.ActiveCfg = Debug|Any CPU
		{D2892F36-496A-14A3-FED1-B530FCC65ACA}.Debug|Any CPU.Build.0 = Debug|Any CPU
		{D2892F36-496A-14A3-FED1-B530FCC65ACA}.Release|Any CPU.ActiveCfg = Release|Any CPU
		{D2892F36-496A-14A3-FED1-B530FCC65ACA}.Release|Any CPU.Build.0 = Release|Any CPU
		{DA6A0CFA-06F9-3978-759C-B36B2D737B1C}.Debug|Any CPU.ActiveCfg = Debug|Any CPU
		{DA6A0CFA-06F9-3978-759C-B36B2D737B1C}.Debug|Any CPU.Build.0 = Debug|Any CPU
		{DA6A0CFA-06F9-3978-759C-B36B2D737B1C}.Release|Any CPU.ActiveCfg = Release|Any CPU
		{DA6A0CFA-06F9-3978-759C-B36B2D737B1C}.Release|Any CPU.Build.0 = Release|Any CPU
		{07047040-C8CD-17FA-953D-C2D39BF22CF1}.Debug|Any CPU.ActiveCfg = Debug|Any CPU
		{07047040-C8CD-17FA-953D-C2D39BF22CF1}.Debug|Any CPU.Build.0 = Debug|Any CPU
		{07047040-C8CD-17FA-953D-C2D39BF22CF1}.Release|Any CPU.ActiveCfg = Release|Any CPU
		{07047040-C8CD-17FA-953D-C2D39BF22CF1}.Release|Any CPU.Build.0 = Release|Any CPU
		{8D8A86C5-6C25-6CA0-B6AB-A8B8C11494B0}.Debug|Any CPU.ActiveCfg = Debug|Any CPU
		{8D8A86C5-6C25-6CA0-B6AB-A8B8C11494B0}.Debug|Any CPU.Build.0 = Debug|Any CPU
		{8D8A86C5-6C25-6CA0-B6AB-A8B8C11494B0}.Release|Any CPU.ActiveCfg = Release|Any CPU
		{8D8A86C5-6C25-6CA0-B6AB-A8B8C11494B0}.Release|Any CPU.Build.0 = Release|Any CPU
		{B7F912C3-049E-2622-F529-02514A339A74}.Debug|Any CPU.ActiveCfg = Debug|Any CPU
		{B7F912C3-049E-2622-F529-02514A339A74}.Debug|Any CPU.Build.0 = Debug|Any CPU
		{B7F912C3-049E-2622-F529-02514A339A74}.Release|Any CPU.ActiveCfg = Release|Any CPU
		{B7F912C3-049E-2622-F529-02514A339A74}.Release|Any CPU.Build.0 = Release|Any CPU
		{A380D525-204A-CFE6-0071-54DDC01508F2}.Debug|Any CPU.ActiveCfg = Debug|Any CPU
		{A380D525-204A-CFE6-0071-54DDC01508F2}.Debug|Any CPU.Build.0 = Debug|Any CPU
		{A380D525-204A-CFE6-0071-54DDC01508F2}.Release|Any CPU.ActiveCfg = Release|Any CPU
		{A380D525-204A-CFE6-0071-54DDC01508F2}.Release|Any CPU.Build.0 = Release|Any CPU
		{666D65D8-7CBB-E336-9B15-D38A560B15CD}.Debug|Any CPU.ActiveCfg = Debug|Any CPU
		{666D65D8-7CBB-E336-9B15-D38A560B15CD}.Debug|Any CPU.Build.0 = Debug|Any CPU
		{666D65D8-7CBB-E336-9B15-D38A560B15CD}.Release|Any CPU.ActiveCfg = Release|Any CPU
		{666D65D8-7CBB-E336-9B15-D38A560B15CD}.Release|Any CPU.Build.0 = Release|Any CPU
		{7086DD7F-B986-60B1-1799-85206E2222A3}.Debug|Any CPU.ActiveCfg = Debug|Any CPU
		{7086DD7F-B986-60B1-1799-85206E2222A3}.Debug|Any CPU.Build.0 = Debug|Any CPU
		{7086DD7F-B986-60B1-1799-85206E2222A3}.Release|Any CPU.ActiveCfg = Release|Any CPU
		{7086DD7F-B986-60B1-1799-85206E2222A3}.Release|Any CPU.Build.0 = Release|Any CPU
		{6162ECF0-9766-E3BD-8271-79BF32E7D11D}.Debug|Any CPU.ActiveCfg = Debug|Any CPU
		{6162ECF0-9766-E3BD-8271-79BF32E7D11D}.Debug|Any CPU.Build.0 = Debug|Any CPU
		{6162ECF0-9766-E3BD-8271-79BF32E7D11D}.Release|Any CPU.ActiveCfg = Release|Any CPU
		{6162ECF0-9766-E3BD-8271-79BF32E7D11D}.Release|Any CPU.Build.0 = Release|Any CPU
		{FEE50EDC-1D09-6C72-032D-A4155FF1E1AC}.Debug|Any CPU.ActiveCfg = Debug|Any CPU
		{FEE50EDC-1D09-6C72-032D-A4155FF1E1AC}.Debug|Any CPU.Build.0 = Debug|Any CPU
		{FEE50EDC-1D09-6C72-032D-A4155FF1E1AC}.Release|Any CPU.ActiveCfg = Release|Any CPU
		{FEE50EDC-1D09-6C72-032D-A4155FF1E1AC}.Release|Any CPU.Build.0 = Release|Any CPU
		{BA0858D1-CFA2-32B5-D1F1-31FCAB0C9470}.Debug|Any CPU.ActiveCfg = Debug|Any CPU
		{BA0858D1-CFA2-32B5-D1F1-31FCAB0C9470}.Debug|Any CPU.Build.0 = Debug|Any CPU
		{BA0858D1-CFA2-32B5-D1F1-31FCAB0C9470}.Release|Any CPU.ActiveCfg = Release|Any CPU
		{BA0858D1-CFA2-32B5-D1F1-31FCAB0C9470}.Release|Any CPU.Build.0 = Release|Any CPU
		{46DF5BF0-541F-5843-109F-A4F36EED99BD}.Debug|Any CPU.ActiveCfg = Debug|Any CPU
		{46DF5BF0-541F-5843-109F-A4F36EED99BD}.Debug|Any CPU.Build.0 = Debug|Any CPU
		{46DF5BF0-541F-5843-109F-A4F36EED99BD}.Release|Any CPU.ActiveCfg = Release|Any CPU
		{46DF5BF0-541F-5843-109F-A4F36EED99BD}.Release|Any CPU.Build.0 = Release|Any CPU
		{A83367B9-83E4-B16A-849D-05D491986636}.Debug|Any CPU.ActiveCfg = Debug|Any CPU
		{A83367B9-83E4-B16A-849D-05D491986636}.Debug|Any CPU.Build.0 = Debug|Any CPU
		{A83367B9-83E4-B16A-849D-05D491986636}.Release|Any CPU.ActiveCfg = Release|Any CPU
		{A83367B9-83E4-B16A-849D-05D491986636}.Release|Any CPU.Build.0 = Release|Any CPU
		{00B11A77-FFF2-3055-AB1E-18744F00E443}.Debug|Any CPU.ActiveCfg = Debug|Any CPU
		{00B11A77-FFF2-3055-AB1E-18744F00E443}.Debug|Any CPU.Build.0 = Debug|Any CPU
		{00B11A77-FFF2-3055-AB1E-18744F00E443}.Release|Any CPU.ActiveCfg = Release|Any CPU
		{00B11A77-FFF2-3055-AB1E-18744F00E443}.Release|Any CPU.Build.0 = Release|Any CPU
		{B9B9762A-898B-CFF0-E8FF-45F815E2353B}.Debug|Any CPU.ActiveCfg = Debug|Any CPU
		{B9B9762A-898B-CFF0-E8FF-45F815E2353B}.Debug|Any CPU.Build.0 = Debug|Any CPU
		{B9B9762A-898B-CFF0-E8FF-45F815E2353B}.Release|Any CPU.ActiveCfg = Release|Any CPU
		{B9B9762A-898B-CFF0-E8FF-45F815E2353B}.Release|Any CPU.Build.0 = Release|Any CPU
		{5CFF4D21-26C3-1F69-ADCF-A07F7FD5E8BA}.Debug|Any CPU.ActiveCfg = Debug|Any CPU
		{5CFF4D21-26C3-1F69-ADCF-A07F7FD5E8BA}.Debug|Any CPU.Build.0 = Debug|Any CPU
		{5CFF4D21-26C3-1F69-ADCF-A07F7FD5E8BA}.Release|Any CPU.ActiveCfg = Release|Any CPU
		{5CFF4D21-26C3-1F69-ADCF-A07F7FD5E8BA}.Release|Any CPU.Build.0 = Release|Any CPU
		{A2A5981E-2B40-6319-4835-40CFA8AA6038}.Debug|Any CPU.ActiveCfg = Debug|Any CPU
		{A2A5981E-2B40-6319-4835-40CFA8AA6038}.Debug|Any CPU.Build.0 = Debug|Any CPU
		{A2A5981E-2B40-6319-4835-40CFA8AA6038}.Release|Any CPU.ActiveCfg = Release|Any CPU
		{A2A5981E-2B40-6319-4835-40CFA8AA6038}.Release|Any CPU.Build.0 = Release|Any CPU
		{431A98B2-5041-514A-BF08-3193D88467F3}.Debug|Any CPU.ActiveCfg = Debug|Any CPU
		{431A98B2-5041-514A-BF08-3193D88467F3}.Debug|Any CPU.Build.0 = Debug|Any CPU
		{431A98B2-5041-514A-BF08-3193D88467F3}.Release|Any CPU.ActiveCfg = Release|Any CPU
		{431A98B2-5041-514A-BF08-3193D88467F3}.Release|Any CPU.Build.0 = Release|Any CPU
		{C4F85565-33F7-24F6-468E-1DEA34E68A1A}.Debug|Any CPU.ActiveCfg = Debug|Any CPU
		{C4F85565-33F7-24F6-468E-1DEA34E68A1A}.Debug|Any CPU.Build.0 = Debug|Any CPU
		{C4F85565-33F7-24F6-468E-1DEA34E68A1A}.Release|Any CPU.ActiveCfg = Release|Any CPU
		{C4F85565-33F7-24F6-468E-1DEA34E68A1A}.Release|Any CPU.Build.0 = Release|Any CPU
		{E889275E-DA38-E499-4305-2FF87D25CBED}.Debug|Any CPU.ActiveCfg = Debug|Any CPU
		{E889275E-DA38-E499-4305-2FF87D25CBED}.Debug|Any CPU.Build.0 = Debug|Any CPU
		{E889275E-DA38-E499-4305-2FF87D25CBED}.Release|Any CPU.ActiveCfg = Release|Any CPU
		{E889275E-DA38-E499-4305-2FF87D25CBED}.Release|Any CPU.Build.0 = Release|Any CPU
		{E077C15B-C182-7521-30DE-7D93F0B85247}.Debug|Any CPU.ActiveCfg = Debug|Any CPU
		{E077C15B-C182-7521-30DE-7D93F0B85247}.Debug|Any CPU.Build.0 = Debug|Any CPU
		{E077C15B-C182-7521-30DE-7D93F0B85247}.Release|Any CPU.ActiveCfg = Release|Any CPU
		{E077C15B-C182-7521-30DE-7D93F0B85247}.Release|Any CPU.Build.0 = Release|Any CPU
		{9CFCAB52-FA51-2893-8F2A-2D0F2835019F}.Debug|Any CPU.ActiveCfg = Debug|Any CPU
		{9CFCAB52-FA51-2893-8F2A-2D0F2835019F}.Debug|Any CPU.Build.0 = Debug|Any CPU
		{9CFCAB52-FA51-2893-8F2A-2D0F2835019F}.Release|Any CPU.ActiveCfg = Release|Any CPU
		{9CFCAB52-FA51-2893-8F2A-2D0F2835019F}.Release|Any CPU.Build.0 = Release|Any CPU
		{F853845C-1E5F-6E02-E69B-A6C236D809E2}.Debug|Any CPU.ActiveCfg = Debug|Any CPU
		{F853845C-1E5F-6E02-E69B-A6C236D809E2}.Debug|Any CPU.Build.0 = Debug|Any CPU
		{F853845C-1E5F-6E02-E69B-A6C236D809E2}.Release|Any CPU.ActiveCfg = Release|Any CPU
		{F853845C-1E5F-6E02-E69B-A6C236D809E2}.Release|Any CPU.Build.0 = Release|Any CPU
		{735FF1B5-C91B-C1C4-4B78-180D18263A94}.Debug|Any CPU.ActiveCfg = Debug|Any CPU
		{735FF1B5-C91B-C1C4-4B78-180D18263A94}.Debug|Any CPU.Build.0 = Debug|Any CPU
		{735FF1B5-C91B-C1C4-4B78-180D18263A94}.Release|Any CPU.ActiveCfg = Release|Any CPU
		{735FF1B5-C91B-C1C4-4B78-180D18263A94}.Release|Any CPU.Build.0 = Release|Any CPU
		{AB10C5FC-1E29-0434-1B8F-E92E3807F97F}.Debug|Any CPU.ActiveCfg = Debug|Any CPU
		{AB10C5FC-1E29-0434-1B8F-E92E3807F97F}.Debug|Any CPU.Build.0 = Debug|Any CPU
		{AB10C5FC-1E29-0434-1B8F-E92E3807F97F}.Release|Any CPU.ActiveCfg = Release|Any CPU
		{AB10C5FC-1E29-0434-1B8F-E92E3807F97F}.Release|Any CPU.Build.0 = Release|Any CPU
		{84D15B0B-B27E-C4A8-3E35-FAEC6C9B3162}.Debug|Any CPU.ActiveCfg = Debug|Any CPU
		{84D15B0B-B27E-C4A8-3E35-FAEC6C9B3162}.Debug|Any CPU.Build.0 = Debug|Any CPU
		{84D15B0B-B27E-C4A8-3E35-FAEC6C9B3162}.Release|Any CPU.ActiveCfg = Release|Any CPU
		{84D15B0B-B27E-C4A8-3E35-FAEC6C9B3162}.Release|Any CPU.Build.0 = Release|Any CPU
	EndGlobalSection
	GlobalSection(SolutionProperties) = preSolution
		HideSolutionNode = FALSE
	EndGlobalSection
EndGlobal
